// !$*UTF8*$!
{
	archiveVersion = 1;
	classes = {
	};
	objectVersion = 46;
	objects = {

/* Begin PBXBuildFile section */
		D14EF40F1A0EEAFA00C250DE /* main.m in Sources */ = {isa = PBXBuildFile; fileRef = D14EF40E1A0EEAFA00C250DE /* main.m */; };
		D14EF4121A0EEAFA00C250DE /* AppDelegate.m in Sources */ = {isa = PBXBuildFile; fileRef = D14EF4111A0EEAFA00C250DE /* AppDelegate.m */; };
		D14EF4181A0EEAFA00C250DE /* Main.storyboard in Resources */ = {isa = PBXBuildFile; fileRef = D14EF4161A0EEAFA00C250DE /* Main.storyboard */; };
		D14EF41A1A0EEAFA00C250DE /* Images.xcassets in Resources */ = {isa = PBXBuildFile; fileRef = D14EF4191A0EEAFA00C250DE /* Images.xcassets */; };
		D14EF4291A0EEAFA00C250DE /* stepHackTests.m in Sources */ = {isa = PBXBuildFile; fileRef = D14EF4281A0EEAFA00C250DE /* stepHackTests.m */; };
		D14EF4341A0EEDC000C250DE /* StartViewController.m in Sources */ = {isa = PBXBuildFile; fileRef = D14EF4331A0EEDC000C250DE /* StartViewController.m */; };
		D14EF4371A0EF5B700C250DE /* StepViewController.m in Sources */ = {isa = PBXBuildFile; fileRef = D14EF4361A0EF5B700C250DE /* StepViewController.m */; };
		D14EF43C1A0F03D100C250DE /* AAPLActivityDataManager.m in Sources */ = {isa = PBXBuildFile; fileRef = D14EF4391A0F03D100C250DE /* AAPLActivityDataManager.m */; };
		D14EF43D1A0F03D100C250DE /* AAPLMotionActivityQuery.m in Sources */ = {isa = PBXBuildFile; fileRef = D14EF43B1A0F03D100C250DE /* AAPLMotionActivityQuery.m */; };
		D1A288AE1A0F15870089C9C7 /* test-audio.m4a in Resources */ = {isa = PBXBuildFile; fileRef = D1A288AD1A0F15870089C9C7 /* test-audio.m4a */; };
/* End PBXBuildFile section */

/* Begin PBXContainerItemProxy section */
		D14EF4231A0EEAFA00C250DE /* PBXContainerItemProxy */ = {
			isa = PBXContainerItemProxy;
			containerPortal = D14EF4011A0EEAFA00C250DE /* Project object */;
			proxyType = 1;
			remoteGlobalIDString = D14EF4081A0EEAFA00C250DE;
			remoteInfo = stepHack;
		};
/* End PBXContainerItemProxy section */

/* Begin PBXFileReference section */
		D14EF4091A0EEAFA00C250DE /* stepHack.app */ = {isa = PBXFileReference; explicitFileType = wrapper.application; includeInIndex = 0; path = stepHack.app; sourceTree = BUILT_PRODUCTS_DIR; };
		D14EF40D1A0EEAFA00C250DE /* Info.plist */ = {isa = PBXFileReference; lastKnownFileType = text.plist.xml; path = Info.plist; sourceTree = "<group>"; };
		D14EF40E1A0EEAFA00C250DE /* main.m */ = {isa = PBXFileReference; lastKnownFileType = sourcecode.c.objc; path = main.m; sourceTree = "<group>"; };
		D14EF4101A0EEAFA00C250DE /* AppDelegate.h */ = {isa = PBXFileReference; lastKnownFileType = sourcecode.c.h; path = AppDelegate.h; sourceTree = "<group>"; };
		D14EF4111A0EEAFA00C250DE /* AppDelegate.m */ = {isa = PBXFileReference; lastKnownFileType = sourcecode.c.objc; path = AppDelegate.m; sourceTree = "<group>"; };
		D14EF4171A0EEAFA00C250DE /* Base */ = {isa = PBXFileReference; lastKnownFileType = file.storyboard; name = Base; path = Base.lproj/Main.storyboard; sourceTree = "<group>"; };
		D14EF4191A0EEAFA00C250DE /* Images.xcassets */ = {isa = PBXFileReference; lastKnownFileType = folder.assetcatalog; path = Images.xcassets; sourceTree = "<group>"; };
		D14EF4221A0EEAFA00C250DE /* stepHackTests.xctest */ = {isa = PBXFileReference; explicitFileType = wrapper.cfbundle; includeInIndex = 0; path = stepHackTests.xctest; sourceTree = BUILT_PRODUCTS_DIR; };
		D14EF4271A0EEAFA00C250DE /* Info.plist */ = {isa = PBXFileReference; lastKnownFileType = text.plist.xml; path = Info.plist; sourceTree = "<group>"; };
		D14EF4281A0EEAFA00C250DE /* stepHackTests.m */ = {isa = PBXFileReference; lastKnownFileType = sourcecode.c.objc; path = stepHackTests.m; sourceTree = "<group>"; };
		D14EF4321A0EEDC000C250DE /* StartViewController.h */ = {isa = PBXFileReference; fileEncoding = 4; lastKnownFileType = sourcecode.c.h; path = StartViewController.h; sourceTree = "<group>"; };
		D14EF4331A0EEDC000C250DE /* StartViewController.m */ = {isa = PBXFileReference; fileEncoding = 4; lastKnownFileType = sourcecode.c.objc; path = StartViewController.m; sourceTree = "<group>"; };
		D14EF4351A0EF5B700C250DE /* StepViewController.h */ = {isa = PBXFileReference; fileEncoding = 4; lastKnownFileType = sourcecode.c.h; path = StepViewController.h; sourceTree = "<group>"; };
		D14EF4361A0EF5B700C250DE /* StepViewController.m */ = {isa = PBXFileReference; fileEncoding = 4; lastKnownFileType = sourcecode.c.objc; path = StepViewController.m; sourceTree = "<group>"; };
		D14EF4381A0F03D100C250DE /* AAPLActivityDataManager.h */ = {isa = PBXFileReference; fileEncoding = 4; lastKnownFileType = sourcecode.c.h; path = AAPLActivityDataManager.h; sourceTree = "<group>"; };
		D14EF4391A0F03D100C250DE /* AAPLActivityDataManager.m */ = {isa = PBXFileReference; fileEncoding = 4; lastKnownFileType = sourcecode.c.objc; path = AAPLActivityDataManager.m; sourceTree = "<group>"; };
		D14EF43A1A0F03D100C250DE /* AAPLMotionActivityQuery.h */ = {isa = PBXFileReference; fileEncoding = 4; lastKnownFileType = sourcecode.c.h; path = AAPLMotionActivityQuery.h; sourceTree = "<group>"; };
		D14EF43B1A0F03D100C250DE /* AAPLMotionActivityQuery.m */ = {isa = PBXFileReference; fileEncoding = 4; lastKnownFileType = sourcecode.c.objc; path = AAPLMotionActivityQuery.m; sourceTree = "<group>"; };
		D1A288AD1A0F15870089C9C7 /* test-audio.m4a */ = {isa = PBXFileReference; lastKnownFileType = file; path = "test-audio.m4a"; sourceTree = "<group>"; };
/* End PBXFileReference section */

/* Begin PBXFrameworksBuildPhase section */
		D14EF4061A0EEAFA00C250DE /* Frameworks */ = {
			isa = PBXFrameworksBuildPhase;
			buildActionMask = 2147483647;
			files = (
			);
			runOnlyForDeploymentPostprocessing = 0;
		};
		D14EF41F1A0EEAFA00C250DE /* Frameworks */ = {
			isa = PBXFrameworksBuildPhase;
			buildActionMask = 2147483647;
			files = (
			);
			runOnlyForDeploymentPostprocessing = 0;
		};
/* End PBXFrameworksBuildPhase section */

/* Begin PBXGroup section */
		D14EF4001A0EEAFA00C250DE = {
			isa = PBXGroup;
			children = (
				D14EF40B1A0EEAFA00C250DE /* stepHack */,
				D14EF4251A0EEAFA00C250DE /* stepHackTests */,
				D14EF40A1A0EEAFA00C250DE /* Products */,
			);
			sourceTree = "<group>";
		};
		D14EF40A1A0EEAFA00C250DE /* Products */ = {
			isa = PBXGroup;
			children = (
				D14EF4091A0EEAFA00C250DE /* stepHack.app */,
				D14EF4221A0EEAFA00C250DE /* stepHackTests.xctest */,
			);
			name = Products;
			sourceTree = "<group>";
		};
		D14EF40B1A0EEAFA00C250DE /* stepHack */ = {
			isa = PBXGroup;
			children = (
				D14EF4101A0EEAFA00C250DE /* AppDelegate.h */,
				D14EF4111A0EEAFA00C250DE /* AppDelegate.m */,
				D14EF4161A0EEAFA00C250DE /* Main.storyboard */,
				D14EF4351A0EF5B700C250DE /* StepViewController.h */,
				D14EF4361A0EF5B700C250DE /* StepViewController.m */,
				D14EF4381A0F03D100C250DE /* AAPLActivityDataManager.h */,
				D14EF4391A0F03D100C250DE /* AAPLActivityDataManager.m */,
				D14EF43A1A0F03D100C250DE /* AAPLMotionActivityQuery.h */,
				D14EF43B1A0F03D100C250DE /* AAPLMotionActivityQuery.m */,
				D14EF4321A0EEDC000C250DE /* StartViewController.h */,
				D14EF4331A0EEDC000C250DE /* StartViewController.m */,
				D14EF4191A0EEAFA00C250DE /* Images.xcassets */,
				D14EF40C1A0EEAFA00C250DE /* Supporting Files */,
			);
			path = stepHack;
			sourceTree = "<group>";
		};
		D14EF40C1A0EEAFA00C250DE /* Supporting Files */ = {
			isa = PBXGroup;
			children = (
				D1A288AD1A0F15870089C9C7 /* test-audio.m4a */,
				D14EF40D1A0EEAFA00C250DE /* Info.plist */,
				D14EF40E1A0EEAFA00C250DE /* main.m */,
			);
			name = "Supporting Files";
			sourceTree = "<group>";
		};
		D14EF4251A0EEAFA00C250DE /* stepHackTests */ = {
			isa = PBXGroup;
			children = (
				D14EF4281A0EEAFA00C250DE /* stepHackTests.m */,
				D14EF4261A0EEAFA00C250DE /* Supporting Files */,
			);
			path = stepHackTests;
			sourceTree = "<group>";
		};
		D14EF4261A0EEAFA00C250DE /* Supporting Files */ = {
			isa = PBXGroup;
			children = (
				D14EF4271A0EEAFA00C250DE /* Info.plist */,
			);
			name = "Supporting Files";
			sourceTree = "<group>";
		};
/* End PBXGroup section */

/* Begin PBXNativeTarget section */
		D14EF4081A0EEAFA00C250DE /* stepHack */ = {
			isa = PBXNativeTarget;
			buildConfigurationList = D14EF42C1A0EEAFA00C250DE /* Build configuration list for PBXNativeTarget "stepHack" */;
			buildPhases = (
				D14EF4051A0EEAFA00C250DE /* Sources */,
				D14EF4061A0EEAFA00C250DE /* Frameworks */,
				D14EF4071A0EEAFA00C250DE /* Resources */,
			);
			buildRules = (
			);
			dependencies = (
			);
			name = stepHack;
			productName = stepHack;
			productReference = D14EF4091A0EEAFA00C250DE /* stepHack.app */;
			productType = "com.apple.product-type.application";
		};
		D14EF4211A0EEAFA00C250DE /* stepHackTests */ = {
			isa = PBXNativeTarget;
			buildConfigurationList = D14EF42F1A0EEAFA00C250DE /* Build configuration list for PBXNativeTarget "stepHackTests" */;
			buildPhases = (
				D14EF41E1A0EEAFA00C250DE /* Sources */,
				D14EF41F1A0EEAFA00C250DE /* Frameworks */,
				D14EF4201A0EEAFA00C250DE /* Resources */,
			);
			buildRules = (
			);
			dependencies = (
				D14EF4241A0EEAFA00C250DE /* PBXTargetDependency */,
			);
			name = stepHackTests;
			productName = stepHackTests;
			productReference = D14EF4221A0EEAFA00C250DE /* stepHackTests.xctest */;
			productType = "com.apple.product-type.bundle.unit-test";
		};
/* End PBXNativeTarget section */

/* Begin PBXProject section */
		D14EF4011A0EEAFA00C250DE /* Project object */ = {
			isa = PBXProject;
			attributes = {
				LastUpgradeCheck = 0610;
				ORGANIZATIONNAME = "Indra Bagus Wicaksono";
				TargetAttributes = {
					D14EF4081A0EEAFA00C250DE = {
						CreatedOnToolsVersion = 6.1;
					};
					D14EF4211A0EEAFA00C250DE = {
						CreatedOnToolsVersion = 6.1;
						TestTargetID = D14EF4081A0EEAFA00C250DE;
					};
				};
			};
			buildConfigurationList = D14EF4041A0EEAFA00C250DE /* Build configuration list for PBXProject "stepHack" */;
			compatibilityVersion = "Xcode 3.2";
			developmentRegion = English;
			hasScannedForEncodings = 0;
			knownRegions = (
				en,
				Base,
			);
			mainGroup = D14EF4001A0EEAFA00C250DE;
			productRefGroup = D14EF40A1A0EEAFA00C250DE /* Products */;
			projectDirPath = "";
			projectRoot = "";
			targets = (
				D14EF4081A0EEAFA00C250DE /* stepHack */,
				D14EF4211A0EEAFA00C250DE /* stepHackTests */,
			);
		};
/* End PBXProject section */

/* Begin PBXResourcesBuildPhase section */
		D14EF4071A0EEAFA00C250DE /* Resources */ = {
			isa = PBXResourcesBuildPhase;
			buildActionMask = 2147483647;
			files = (
				D14EF4181A0EEAFA00C250DE /* Main.storyboard in Resources */,
				D1A288AE1A0F15870089C9C7 /* test-audio.m4a in Resources */,
				D14EF41A1A0EEAFA00C250DE /* Images.xcassets in Resources */,
			);
			runOnlyForDeploymentPostprocessing = 0;
		};
		D14EF4201A0EEAFA00C250DE /* Resources */ = {
			isa = PBXResourcesBuildPhase;
			buildActionMask = 2147483647;
			files = (
			);
			runOnlyForDeploymentPostprocessing = 0;
		};
/* End PBXResourcesBuildPhase section */

/* Begin PBXSourcesBuildPhase section */
		D14EF4051A0EEAFA00C250DE /* Sources */ = {
			isa = PBXSourcesBuildPhase;
			buildActionMask = 2147483647;
			files = (
				D14EF43C1A0F03D100C250DE /* AAPLActivityDataManager.m in Sources */,
				D14EF4341A0EEDC000C250DE /* StartViewController.m in Sources */,
				D14EF4121A0EEAFA00C250DE /* AppDelegate.m in Sources */,
				D14EF4371A0EF5B700C250DE /* StepViewController.m in Sources */,
				D14EF40F1A0EEAFA00C250DE /* main.m in Sources */,
				D14EF43D1A0F03D100C250DE /* AAPLMotionActivityQuery.m in Sources */,
			);
			runOnlyForDeploymentPostprocessing = 0;
		};
		D14EF41E1A0EEAFA00C250DE /* Sources */ = {
			isa = PBXSourcesBuildPhase;
			buildActionMask = 2147483647;
			files = (
				D14EF4291A0EEAFA00C250DE /* stepHackTests.m in Sources */,
			);
			runOnlyForDeploymentPostprocessing = 0;
		};
/* End PBXSourcesBuildPhase section */

/* Begin PBXTargetDependency section */
		D14EF4241A0EEAFA00C250DE /* PBXTargetDependency */ = {
			isa = PBXTargetDependency;
			target = D14EF4081A0EEAFA00C250DE /* stepHack */;
			targetProxy = D14EF4231A0EEAFA00C250DE /* PBXContainerItemProxy */;
		};
/* End PBXTargetDependency section */

/* Begin PBXVariantGroup section */
		D14EF4161A0EEAFA00C250DE /* Main.storyboard */ = {
			isa = PBXVariantGroup;
			children = (
				D14EF4171A0EEAFA00C250DE /* Base */,
			);
			name = Main.storyboard;
			sourceTree = "<group>";
		};
/* End PBXVariantGroup section */

/* Begin XCBuildConfiguration section */
		D14EF42A1A0EEAFA00C250DE /* Debug */ = {
			isa = XCBuildConfiguration;
			buildSettings = {
				ALWAYS_SEARCH_USER_PATHS = NO;
				CLANG_CXX_LANGUAGE_STANDARD = "gnu++0x";
				CLANG_CXX_LIBRARY = "libc++";
				CLANG_ENABLE_MODULES = YES;
				CLANG_ENABLE_OBJC_ARC = YES;
				CLANG_WARN_BOOL_CONVERSION = YES;
				CLANG_WARN_CONSTANT_CONVERSION = YES;
				CLANG_WARN_DIRECT_OBJC_ISA_USAGE = YES_ERROR;
				CLANG_WARN_EMPTY_BODY = YES;
				CLANG_WARN_ENUM_CONVERSION = YES;
				CLANG_WARN_INT_CONVERSION = YES;
				CLANG_WARN_OBJC_ROOT_CLASS = YES_ERROR;
				CLANG_WARN_UNREACHABLE_CODE = YES;
				CLANG_WARN__DUPLICATE_METHOD_MATCH = YES;
				"CODE_SIGN_IDENTITY[sdk=iphoneos*]" = "iPhone Developer";
				COPY_PHASE_STRIP = NO;
				ENABLE_STRICT_OBJC_MSGSEND = YES;
				GCC_C_LANGUAGE_STANDARD = gnu99;
				GCC_DYNAMIC_NO_PIC = NO;
				GCC_OPTIMIZATION_LEVEL = 0;
				GCC_PREPROCESSOR_DEFINITIONS = (
					"DEBUG=1",
					"$(inherited)",
				);
				GCC_SYMBOLS_PRIVATE_EXTERN = NO;
				GCC_WARN_64_TO_32_BIT_CONVERSION = YES;
				GCC_WARN_ABOUT_RETURN_TYPE = YES_ERROR;
				GCC_WARN_UNDECLARED_SELECTOR = YES;
				GCC_WARN_UNINITIALIZED_AUTOS = YES_AGGRESSIVE;
				GCC_WARN_UNUSED_FUNCTION = YES;
				GCC_WARN_UNUSED_VARIABLE = YES;
				IPHONEOS_DEPLOYMENT_TARGET = 8.1;
				MTL_ENABLE_DEBUG_INFO = YES;
				ONLY_ACTIVE_ARCH = YES;
				SDKROOT = iphoneos;
			};
			name = Debug;
		};
		D14EF42B1A0EEAFA00C250DE /* Release */ = {
			isa = XCBuildConfiguration;
			buildSettings = {
				ALWAYS_SEARCH_USER_PATHS = NO;
				CLANG_CXX_LANGUAGE_STANDARD = "gnu++0x";
				CLANG_CXX_LIBRARY = "libc++";
				CLANG_ENABLE_MODULES = YES;
				CLANG_ENABLE_OBJC_ARC = YES;
				CLANG_WARN_BOOL_CONVERSION = YES;
				CLANG_WARN_CONSTANT_CONVERSION = YES;
				CLANG_WARN_DIRECT_OBJC_ISA_USAGE = YES_ERROR;
				CLANG_WARN_EMPTY_BODY = YES;
				CLANG_WARN_ENUM_CONVERSION = YES;
				CLANG_WARN_INT_CONVERSION = YES;
				CLANG_WARN_OBJC_ROOT_CLASS = YES_ERROR;
				CLANG_WARN_UNREACHABLE_CODE = YES;
				CLANG_WARN__DUPLICATE_METHOD_MATCH = YES;
				"CODE_SIGN_IDENTITY[sdk=iphoneos*]" = "iPhone Developer";
				COPY_PHASE_STRIP = YES;
				ENABLE_NS_ASSERTIONS = NO;
				ENABLE_STRICT_OBJC_MSGSEND = YES;
				GCC_C_LANGUAGE_STANDARD = gnu99;
				GCC_WARN_64_TO_32_BIT_CONVERSION = YES;
				GCC_WARN_ABOUT_RETURN_TYPE = YES_ERROR;
				GCC_WARN_UNDECLARED_SELECTOR = YES;
				GCC_WARN_UNINITIALIZED_AUTOS = YES_AGGRESSIVE;
				GCC_WARN_UNUSED_FUNCTION = YES;
				GCC_WARN_UNUSED_VARIABLE = YES;
				IPHONEOS_DEPLOYMENT_TARGET = 8.1;
				MTL_ENABLE_DEBUG_INFO = NO;
				SDKROOT = iphoneos;
				VALIDATE_PRODUCT = YES;
			};
			name = Release;
		};
		D14EF42D1A0EEAFA00C250DE /* Debug */ = {
			isa = XCBuildConfiguration;
			buildSettings = {
				ASSETCATALOG_COMPILER_APPICON_NAME = AppIcon;
				INFOPLIST_FILE = stepHack/Info.plist;
				LD_RUNPATH_SEARCH_PATHS = "$(inherited) @executable_path/Frameworks";
				PRODUCT_NAME = "$(TARGET_NAME)";
			};
			name = Debug;
		};
		D14EF42E1A0EEAFA00C250DE /* Release */ = {
			isa = XCBuildConfiguration;
			buildSettings = {
				ASSETCATALOG_COMPILER_APPICON_NAME = AppIcon;
				INFOPLIST_FILE = stepHack/Info.plist;
				LD_RUNPATH_SEARCH_PATHS = "$(inherited) @executable_path/Frameworks";
				PRODUCT_NAME = "$(TARGET_NAME)";
			};
			name = Release;
		};
		D14EF4301A0EEAFA00C250DE /* Debug */ = {
			isa = XCBuildConfiguration;
			buildSettings = {
				BUNDLE_LOADER = "$(TEST_HOST)";
				FRAMEWORK_SEARCH_PATHS = (
					"$(SDKROOT)/Developer/Library/Frameworks",
					"$(inherited)",
				);
				GCC_PREPROCESSOR_DEFINITIONS = (
					"DEBUG=1",
					"$(inherited)",
				);
				INFOPLIST_FILE = stepHackTests/Info.plist;
				LD_RUNPATH_SEARCH_PATHS = "$(inherited) @executable_path/Frameworks @loader_path/Frameworks";
				PRODUCT_NAME = "$(TARGET_NAME)";
				TEST_HOST = "$(BUILT_PRODUCTS_DIR)/stepHack.app/stepHack";
			};
			name = Debug;
		};
		D14EF4311A0EEAFA00C250DE /* Release */ = {
			isa = XCBuildConfiguration;
			buildSettings = {
				BUNDLE_LOADER = "$(TEST_HOST)";
				FRAMEWORK_SEARCH_PATHS = (
					"$(SDKROOT)/Developer/Library/Frameworks",
					"$(inherited)",
				);
				INFOPLIST_FILE = stepHackTests/Info.plist;
				LD_RUNPATH_SEARCH_PATHS = "$(inherited) @executable_path/Frameworks @loader_path/Frameworks";
				PRODUCT_NAME = "$(TARGET_NAME)";
				TEST_HOST = "$(BUILT_PRODUCTS_DIR)/stepHack.app/stepHack";
			};
			name = Release;
		};
/* End XCBuildConfiguration section */

/* Begin XCConfigurationList section */
		D14EF4041A0EEAFA00C250DE /* Build configuration list for PBXProject "stepHack" */ = {
			isa = XCConfigurationList;
			buildConfigurations = (
				D14EF42A1A0EEAFA00C250DE /* Debug */,
				D14EF42B1A0EEAFA00C250DE /* Release */,
			);
			defaultConfigurationIsVisible = 0;
			defaultConfigurationName = Release;
		};
		D14EF42C1A0EEAFA00C250DE /* Build configuration list for PBXNativeTarget "stepHack" */ = {
			isa = XCConfigurationList;
			buildConfigurations = (
				D14EF42D1A0EEAFA00C250DE /* Debug */,
				D14EF42E1A0EEAFA00C250DE /* Release */,
			);
			defaultConfigurationIsVisible = 0;
			defaultConfigurationName = Release;
		};
		D14EF42F1A0EEAFA00C250DE /* Build configuration list for PBXNativeTarget "stepHackTests" */ = {
			isa = XCConfigurationList;
			buildConfigurations = (
				D14EF4301A0EEAFA00C250DE /* Debug */,
				D14EF4311A0EEAFA00C250DE /* Release */,
			);
			defaultConfigurationIsVisible = 0;
			defaultConfigurationName = Release;
		};
/* End XCConfigurationList section */
	};
	rootObject = D14EF4011A0EEAFA00C250DE /* Project object */;
}
